
Microsoft Visual Studio Solution File, Format Version 12.00
# Visual Studio Version 17
VisualStudioVersion = 17.4.33403.182
MinimumVisualStudioVersion = 10.0.40219.1
Project("{FAE04EC0-301F-11D3-BF4B-00C04F79EFBC}") = "gymtime-citrino-app", "gymtime-citrino-app.csproj", "{F3654231-FC3F-414A-B8E5-77FC214E2E60}"
EndProject
Global
	GlobalSection(SolutionConfigurationPlatforms) = preSolution
		Debug|Any CPU = Debug|Any CPU
		Release|Any CPU = Release|Any CPU
	EndGlobalSection
	GlobalSection(ProjectConfigurationPlatforms) = postSolution
		{F3654231-FC3F-414A-B8E5-77FC214E2E60}.Debug|Any CPU.ActiveCfg = Debug|Any CPU
		{F3654231-FC3F-414A-B8E5-77FC214E2E60}.Debug|Any CPU.Build.0 = Debug|Any CPU
		{F3654231-FC3F-414A-B8E5-77FC214E2E60}.Release|Any CPU.ActiveCfg = Release|Any CPU
		{F3654231-FC3F-414A-B8E5-77FC214E2E60}.Release|Any CPU.Build.0 = Release|Any CPU
	EndGlobalSection
	GlobalSection(SolutionProperties) = preSolution
		HideSolutionNode = FALSE
	EndGlobalSection
	GlobalSection(ExtensibilityGlobals) = postSolution
		SolutionGuid = {197CBFBF-D8E0-47CF-AB70-7733A2BC4F7B}
	EndGlobalSection
EndGlobal
